
Microsoft Visual Studio Solution File, Format Version 12.00
# Visual Studio Version 16
VisualStudioVersion = 16.0.30907.101
MinimumVisualStudioVersion = 10.0.40219.1
Project("{FAE04EC0-301F-11D3-BF4B-00C04F79EFBC}") = "WindowsFormsApp1", "WindowsFormsApp1\WindowsFormsApp1.csproj", "{34ACF190-8E18-468E-8EB7-59E5821DE84D}"
EndProject
Global
	GlobalSection(SolutionConfigurationPlatforms) = preSolution
		Debug|Any CPU = Debug|Any CPU
		Release|Any CPU = Release|Any CPU
	EndGlobalSection
	GlobalSection(ProjectConfigurationPlatforms) = postSolution
		{34ACF190-8E18-468E-8EB7-59E5821DE84D}.Debug|Any CPU.ActiveCfg = Debug|Any CPU
		{34ACF190-8E18-468E-8EB7-59E5821DE84D}.Debug|Any CPU.Build.0 = Debug|Any CPU
		{34ACF190-8E18-468E-8EB7-59E5821DE84D}.Release|Any CPU.ActiveCfg = Release|Any CPU
		{34ACF190-8E18-468E-8EB7-59E5821DE84D}.Release|Any CPU.Build.0 = Release|Any CPU
	EndGlobalSection
	GlobalSection(SolutionProperties) = preSolution
		HideSolutionNode = FALSE
	EndGlobalSection
	GlobalSection(ExtensibilityGlobals) = postSolution
		SolutionGuid = {FEBFD220-6349-472C-896F-3D3F5DB638B9}
	EndGlobalSection
EndGlobal
